// !$*UTF8*$!
{
	archiveVersion = 1;
	classes = {
	};
	objectVersion = 77;
	objects = {

/* Begin PBXBuildFile section */
		EDF329D42FA7FABD00359606 /* Pulsar Watch App.app in Embed Watch Content */ = {isa = PBXBuildFile; fileRef = EDF329CA2FA7FABC00359606 /* Pulsar Watch App.app */; settings = {ATTRIBUTES = (CodeSignOnCopy, RemoveHeadersOnCopy, ); }; };
		EDF33A102FA9000000000001 /* PulsarWidgetsExtension.appex in Embed App Extensions */ = {isa = PBXBuildFile; fileRef = EDF33A132FA9000000000004 /* PulsarWidgetsExtension.appex */; settings = {ATTRIBUTES = (CodeSignOnCopy, RemoveHeadersOnCopy, ); }; };
/* End PBXBuildFile section */

/* Begin PBXContainerItemProxy section */
		EDF329D22FA7FABD00359606 /* PBXContainerItemProxy */ = {
			isa = PBXContainerItemProxy;
			containerPortal = EDF329B02FA7FA4B00359606 /* Project object */;
			proxyType = 1;
			remoteGlobalIDString = EDF329C92FA7FABC00359606;
			remoteInfo = "Pulsar Watch App Watch App";
		};
		EDF329EA2FA800000000000A /* PBXContainerItemProxy */ = {
			isa = PBXContainerItemProxy;
			containerPortal = EDF329B02FA7FA4B00359606 /* Project object */;
			proxyType = 1;
			remoteGlobalIDString = EDF329B72FA7FA4B00359606;
			remoteInfo = Pulsar;
		};
		EDF33A112FA9000000000002 /* PBXContainerItemProxy */ = {
			isa = PBXContainerItemProxy;
			containerPortal = EDF329B02FA7FA4B00359606 /* Project object */;
			proxyType = 1;
			remoteGlobalIDString = EDF33A172FA9000000000008;
			remoteInfo = PulsarWidgetsExtension;
		};
/* End PBXContainerItemProxy section */

/* Begin PBXCopyFilesBuildPhase section */
		EDF329D82FA7FABD00359606 /* Embed Watch Content */ = {
			isa = PBXCopyFilesBuildPhase;
			buildActionMask = 2147483647;
			dstPath = "$(CONTENTS_FOLDER_PATH)/Watch";
			dstSubfolderSpec = 16;
			files = (
				EDF329D42FA7FABD00359606 /* Pulsar Watch App.app in Embed Watch Content */,
			);
			name = "Embed Watch Content";
			runOnlyForDeploymentPostprocessing = 0;
		};
		EDF33A122FA9000000000003 /* Embed App Extensions */ = {
			isa = PBXCopyFilesBuildPhase;
			buildActionMask = 2147483647;
			dstPath = "";
			dstSubfolderSpec = 13;
			files = (
				EDF33A102FA9000000000001 /* PulsarWidgetsExtension.appex in Embed App Extensions */,
			);
			name = "Embed App Extensions";
			runOnlyForDeploymentPostprocessing = 0;
		};
/* End PBXCopyFilesBuildPhase section */

/* Begin PBXFileReference section */
		EDF329B82FA7FA4B00359606 /* Pulsar.app */ = {isa = PBXFileReference; explicitFileType = wrapper.application; includeInIndex = 0; path = Pulsar.app; sourceTree = BUILT_PRODUCTS_DIR; };
		EDF329CA2FA7FABC00359606 /* Pulsar Watch App.app */ = {isa = PBXFileReference; explicitFileType = wrapper.application; includeInIndex = 0; path = "Pulsar Watch App.app"; sourceTree = BUILT_PRODUCTS_DIR; };
		EDF329E12FA8000000000001 /* PulsarTests.xctest */ = {isa = PBXFileReference; explicitFileType = wrapper.cfbundle; includeInIndex = 0; path = PulsarTests.xctest; sourceTree = BUILT_PRODUCTS_DIR; };
		EDF33A132FA9000000000004 /* PulsarWidgetsExtension.appex */ = {isa = PBXFileReference; explicitFileType = "wrapper.app-extension"; includeInIndex = 0; path = PulsarWidgetsExtension.appex; sourceTree = BUILT_PRODUCTS_DIR; };
		EDF33A1E2FA900000000000F /* PulsarWidgetsExtension-Info.plist */ = {isa = PBXFileReference; lastKnownFileType = text.plist.xml; path = "PulsarWidgetsExtension-Info.plist"; sourceTree = "<group>"; };
		EDF33A1F2FA9000000000010 /* PulsarWatchApp-Info.plist */ = {isa = PBXFileReference; lastKnownFileType = text.plist.xml; path = "PulsarWatchApp-Info.plist"; sourceTree = "<group>"; };
		EDF33B012FAA000000000001 /* Oura.shared.xcconfig */ = {isa = PBXFileReference; lastKnownFileType = text.xcconfig; path = Oura.shared.xcconfig; sourceTree = "<group>"; };
		EDF33B022FAA000000000002 /* Oura.local.xcconfig.example */ = {isa = PBXFileReference; lastKnownFileType = text.xcconfig; path = Oura.local.xcconfig.example; sourceTree = "<group>"; };
/* End PBXFileReference section */

/* Begin PBXFileSystemSynchronizedRootGroup section */
		EDF329BA2FA7FA4B00359606 /* Pulsar */ = {
			isa = PBXFileSystemSynchronizedRootGroup;
			path = Pulsar;
			sourceTree = "<group>";
		};
		EDF329CB2FA7FABC00359606 /* Pulsar Watch App Watch App */ = {
			isa = PBXFileSystemSynchronizedRootGroup;
			path = "Pulsar Watch App Watch App";
			sourceTree = "<group>";
		};
		EDF329E22FA8000000000002 /* PulsarTests */ = {
			isa = PBXFileSystemSynchronizedRootGroup;
			path = PulsarTests;
			sourceTree = "<group>";
		};
		EDF330002FA9000000000001 /* Shared */ = {
			isa = PBXFileSystemSynchronizedRootGroup;
			path = Shared;
			sourceTree = "<group>";
		};
		EDF33A142FA9000000000005 /* PulsarWidgetShared */ = {
			isa = PBXFileSystemSynchronizedRootGroup;
			path = PulsarWidgetShared;
			sourceTree = "<group>";
		};
		EDF33A152FA9000000000006 /* PulsarWidgetsExtension */ = {
			isa = PBXFileSystemSynchronizedRootGroup;
			path = PulsarWidgetsExtension;
			sourceTree = "<group>";
		};
/* End PBXFileSystemSynchronizedRootGroup section */

/* Begin PBXFrameworksBuildPhase section */
		EDF329B52FA7FA4B00359606 /* Frameworks */ = {
			isa = PBXFrameworksBuildPhase;
			buildActionMask = 2147483647;
			files = (
			);
			runOnlyForDeploymentPostprocessing = 0;
		};
		EDF329C72FA7FABC00359606 /* Frameworks */ = {
			isa = PBXFrameworksBuildPhase;
			buildActionMask = 2147483647;
			files = (
			);
			runOnlyForDeploymentPostprocessing = 0;
		};
		EDF329E42FA8000000000004 /* Frameworks */ = {
			isa = PBXFrameworksBuildPhase;
			buildActionMask = 2147483647;
			files = (
			);
			runOnlyForDeploymentPostprocessing = 0;
		};
		EDF33A162FA9000000000007 /* Frameworks */ = {
			isa = PBXFrameworksBuildPhase;
			buildActionMask = 2147483647;
			files = (
			);
			runOnlyForDeploymentPostprocessing = 0;
		};
/* End PBXFrameworksBuildPhase section */

/* Begin PBXGroup section */
		EDF329AF2FA7FA4B00359606 = {
			isa = PBXGroup;
			children = (
				EDF330002FA9000000000001 /* Shared */,
				EDF33B002FAA000000000000 /* Config */,
				EDF33A142FA9000000000005 /* PulsarWidgetShared */,
				EDF329BA2FA7FA4B00359606 /* Pulsar */,
				EDF33A152FA9000000000006 /* PulsarWidgetsExtension */,
				EDF33A1E2FA900000000000F /* PulsarWidgetsExtension-Info.plist */,
				EDF33A1F2FA9000000000010 /* PulsarWatchApp-Info.plist */,
				EDF329CB2FA7FABC00359606 /* Pulsar Watch App Watch App */,
				EDF329E22FA8000000000002 /* PulsarTests */,
				EDF329B92FA7FA4B00359606 /* Products */,
			);
			sourceTree = "<group>";
		};
		EDF329B92FA7FA4B00359606 /* Products */ = {
			isa = PBXGroup;
			children = (
				EDF329B82FA7FA4B00359606 /* Pulsar.app */,
				EDF33A132FA9000000000004 /* PulsarWidgetsExtension.appex */,
				EDF329CA2FA7FABC00359606 /* Pulsar Watch App.app */,
				EDF329E12FA8000000000001 /* PulsarTests.xctest */,
			);
			name = Products;
			sourceTree = "<group>";
		};
		EDF33B002FAA000000000000 /* Config */ = {
			isa = PBXGroup;
			children = (
				EDF33B012FAA000000000001 /* Oura.shared.xcconfig */,
				EDF33B022FAA000000000002 /* Oura.local.xcconfig.example */,
			);
			path = Config;
			sourceTree = "<group>";
		};
/* End PBXGroup section */

/* Begin PBXNativeTarget section */
		EDF329B72FA7FA4B00359606 /* Pulsar */ = {
			isa = PBXNativeTarget;
			buildConfigurationList = EDF329C32FA7FA4C00359606 /* Build configuration list for PBXNativeTarget "Pulsar" */;
			buildPhases = (
				EDF329B42FA7FA4B00359606 /* Sources */,
				EDF329B52FA7FA4B00359606 /* Frameworks */,
				EDF329B62FA7FA4B00359606 /* Resources */,
				EDF33A122FA9000000000003 /* Embed App Extensions */,
				EDF329D82FA7FABD00359606 /* Embed Watch Content */,
			);
			buildRules = (
			);
			dependencies = (
				EDF33A1A2FA900000000000B /* PBXTargetDependency */,
				EDF329D32FA7FABD00359606 /* PBXTargetDependency */,
			);
			fileSystemSynchronizedGroups = (
				EDF329BA2FA7FA4B00359606 /* Pulsar */,
				EDF330002FA9000000000001 /* Shared */,
				EDF33A142FA9000000000005 /* PulsarWidgetShared */,
			);
			name = Pulsar;
			packageProductDependencies = (
			);
			productName = Pulsar;
			productReference = EDF329B82FA7FA4B00359606 /* Pulsar.app */;
			productType = "com.apple.product-type.application";
		};
		EDF329C92FA7FABC00359606 /* Pulsar Watch App Watch App */ = {
			isa = PBXNativeTarget;
			buildConfigurationList = EDF329D52FA7FABD00359606 /* Build configuration list for PBXNativeTarget "Pulsar Watch App Watch App" */;
			buildPhases = (
				EDF329C62FA7FABC00359606 /* Sources */,
				EDF329C72FA7FABC00359606 /* Frameworks */,
				EDF329C82FA7FABC00359606 /* Resources */,
			);
			buildRules = (
			);
			dependencies = (
			);
			fileSystemSynchronizedGroups = (
				EDF329CB2FA7FABC00359606 /* Pulsar Watch App Watch App */,
				EDF330002FA9000000000001 /* Shared */,
			);
			name = "Pulsar Watch App Watch App";
			packageProductDependencies = (
			);
			productName = "Pulsar Watch App Watch App";
			productReference = EDF329CA2FA7FABC00359606 /* Pulsar Watch App.app */;
			productType = "com.apple.product-type.application";
		};
		EDF329E62FA8000000000006 /* PulsarTests */ = {
			isa = PBXNativeTarget;
			buildConfigurationList = EDF329E72FA8000000000007 /* Build configuration list for PBXNativeTarget "PulsarTests" */;
			buildPhases = (
				EDF329E32FA8000000000003 /* Sources */,
				EDF329E42FA8000000000004 /* Frameworks */,
				EDF329E52FA8000000000005 /* Resources */,
			);
			buildRules = (
			);
			dependencies = (
				EDF329EB2FA800000000000B /* PBXTargetDependency */,
			);
			fileSystemSynchronizedGroups = (
				EDF329E22FA8000000000002 /* PulsarTests */,
			);
			name = PulsarTests;
			packageProductDependencies = (
			);
			productName = PulsarTests;
			productReference = EDF329E12FA8000000000001 /* PulsarTests.xctest */;
			productType = "com.apple.product-type.bundle.unit-test";
		};
		EDF33A172FA9000000000008 /* PulsarWidgetsExtension */ = {
			isa = PBXNativeTarget;
			buildConfigurationList = EDF33A1D2FA900000000000E /* Build configuration list for PBXNativeTarget "PulsarWidgetsExtension" */;
			buildPhases = (
				EDF33A192FA900000000000A /* Sources */,
				EDF33A162FA9000000000007 /* Frameworks */,
				EDF33A182FA9000000000009 /* Resources */,
			);
			buildRules = (
			);
			dependencies = (
			);
			fileSystemSynchronizedGroups = (
				EDF33A142FA9000000000005 /* PulsarWidgetShared */,
				EDF33A152FA9000000000006 /* PulsarWidgetsExtension */,
			);
			name = PulsarWidgetsExtension;
			packageProductDependencies = (
			);
			productName = PulsarWidgetsExtension;
			productReference = EDF33A132FA9000000000004 /* PulsarWidgetsExtension.appex */;
			productType = "com.apple.product-type.app-extension";
		};
/* End PBXNativeTarget section */

/* Begin PBXProject section */
		EDF329B02FA7FA4B00359606 /* Project object */ = {
			isa = PBXProject;
			attributes = {
				BuildIndependentTargetsInParallel = 1;
				LastSwiftUpdateCheck = 2640;
				LastUpgradeCheck = 2640;
				TargetAttributes = {
					EDF329B72FA7FA4B00359606 = {
						CreatedOnToolsVersion = 26.4.1;
					};
					EDF329C92FA7FABC00359606 = {
						CreatedOnToolsVersion = 26.4.1;
					};
					EDF329E62FA8000000000006 = {
						CreatedOnToolsVersion = 26.4.1;
						TestTargetID = EDF329B72FA7FA4B00359606;
					};
					EDF33A172FA9000000000008 = {
						CreatedOnToolsVersion = 26.4.1;
					};
				};
			};
			buildConfigurationList = EDF329B32FA7FA4B00359606 /* Build configuration list for PBXProject "Pulsar" */;
			developmentRegion = en;
			hasScannedForEncodings = 0;
			knownRegions = (
				en,
				Base,
			);
			mainGroup = EDF329AF2FA7FA4B00359606;
			minimizedProjectReferenceProxies = 1;
			preferredProjectObjectVersion = 77;
			productRefGroup = EDF329B92FA7FA4B00359606 /* Products */;
			projectDirPath = "";
			projectRoot = "";
			targets = (
				EDF329B72FA7FA4B00359606 /* Pulsar */,
				EDF33A172FA9000000000008 /* PulsarWidgetsExtension */,
				EDF329C92FA7FABC00359606 /* Pulsar Watch App Watch App */,
				EDF329E62FA8000000000006 /* PulsarTests */,
			);
		};
/* End PBXProject section */

/* Begin PBXResourcesBuildPhase section */
		EDF329B62FA7FA4B00359606 /* Resources */ = {
			isa = PBXResourcesBuildPhase;
			buildActionMask = 2147483647;
			files = (
			);
			runOnlyForDeploymentPostprocessing = 0;
		};
		EDF329C82FA7FABC00359606 /* Resources */ = {
			isa = PBXResourcesBuildPhase;
			buildActionMask = 2147483647;
			files = (
			);
			runOnlyForDeploymentPostprocessing = 0;
		};
		EDF329E52FA8000000000005 /* Resources */ = {
			isa = PBXResourcesBuildPhase;
			buildActionMask = 2147483647;
			files = (
			);
			runOnlyForDeploymentPostprocessing = 0;
		};
		EDF33A182FA9000000000009 /* Resources */ = {
			isa = PBXResourcesBuildPhase;
			buildActionMask = 2147483647;
			files = (
			);
			runOnlyForDeploymentPostprocessing = 0;
		};
/* End PBXResourcesBuildPhase section */

/* Begin PBXSourcesBuildPhase section */
		EDF329B42FA7FA4B00359606 /* Sources */ = {
			isa = PBXSourcesBuildPhase;
			buildActionMask = 2147483647;
			files = (
			);
			runOnlyForDeploymentPostprocessing = 0;
		};
		EDF329C62FA7FABC00359606 /* Sources */ = {
			isa = PBXSourcesBuildPhase;
			buildActionMask = 2147483647;
			files = (
			);
			runOnlyForDeploymentPostprocessing = 0;
		};
		EDF329E32FA8000000000003 /* Sources */ = {
			isa = PBXSourcesBuildPhase;
			buildActionMask = 2147483647;
			files = (
			);
			runOnlyForDeploymentPostprocessing = 0;
		};
		EDF33A192FA900000000000A /* Sources */ = {
			isa = PBXSourcesBuildPhase;
			buildActionMask = 2147483647;
			files = (
			);
			runOnlyForDeploymentPostprocessing = 0;
		};
/* End PBXSourcesBuildPhase section */

/* Begin PBXTargetDependency section */
		EDF329D32FA7FABD00359606 /* PBXTargetDependency */ = {
			isa = PBXTargetDependency;
			target = EDF329C92FA7FABC00359606 /* Pulsar Watch App Watch App */;
			targetProxy = EDF329D22FA7FABD00359606 /* PBXContainerItemProxy */;
		};
		EDF329EB2FA800000000000B /* PBXTargetDependency */ = {
			isa = PBXTargetDependency;
			target = EDF329B72FA7FA4B00359606 /* Pulsar */;
			targetProxy = EDF329EA2FA800000000000A /* PBXContainerItemProxy */;
		};
		EDF33A1A2FA900000000000B /* PBXTargetDependency */ = {
			isa = PBXTargetDependency;
			target = EDF33A172FA9000000000008 /* PulsarWidgetsExtension */;
			targetProxy = EDF33A112FA9000000000002 /* PBXContainerItemProxy */;
		};
/* End PBXTargetDependency section */

/* Begin XCBuildConfiguration section */
		EDF329C12FA7FA4C00359606 /* Debug */ = {
			isa = XCBuildConfiguration;
			buildSettings = {
				ALWAYS_SEARCH_USER_PATHS = NO;
				ASSETCATALOG_COMPILER_GENERATE_SWIFT_ASSET_SYMBOL_EXTENSIONS = YES;
				CLANG_ANALYZER_NONNULL = YES;
				CLANG_ANALYZER_NUMBER_OBJECT_CONVERSION = YES_AGGRESSIVE;
				CLANG_CXX_LANGUAGE_STANDARD = "gnu++20";
				CLANG_ENABLE_MODULES = YES;
				CLANG_ENABLE_OBJC_ARC = YES;
				CLANG_ENABLE_OBJC_WEAK = YES;
				CLANG_WARN_BLOCK_CAPTURE_AUTORELEASING = YES;
				CLANG_WARN_BOOL_CONVERSION = YES;
				CLANG_WARN_COMMA = YES;
				CLANG_WARN_CONSTANT_CONVERSION = YES;
				CLANG_WARN_DEPRECATED_OBJC_IMPLEMENTATIONS = YES;
				CLANG_WARN_DIRECT_OBJC_ISA_USAGE = YES_ERROR;
				CLANG_WARN_DOCUMENTATION_COMMENTS = YES;
				CLANG_WARN_EMPTY_BODY = YES;
				CLANG_WARN_ENUM_CONVERSION = YES;
				CLANG_WARN_INFINITE_RECURSION = YES;
				CLANG_WARN_INT_CONVERSION = YES;
				CLANG_WARN_NON_LITERAL_NULL_CONVERSION = YES;
				CLANG_WARN_OBJC_IMPLICIT_RETAIN_SELF = YES;
				CLANG_WARN_OBJC_LITERAL_CONVERSION = YES;
				CLANG_WARN_OBJC_ROOT_CLASS = YES_ERROR;
				CLANG_WARN_QUOTED_INCLUDE_IN_FRAMEWORK_HEADER = YES;
				CLANG_WARN_RANGE_LOOP_ANALYSIS = YES;
				CLANG_WARN_STRICT_PROTOTYPES = YES;
				CLANG_WARN_SUSPICIOUS_MOVE = YES;
				CLANG_WARN_UNGUARDED_AVAILABILITY = YES_AGGRESSIVE;
				CLANG_WARN_UNREACHABLE_CODE = YES;
				CLANG_WARN__DUPLICATE_METHOD_MATCH = YES;
				COPY_PHASE_STRIP = NO;
				DEBUG_INFORMATION_FORMAT = dwarf;
				DEVELOPMENT_TEAM = 8Q8WHNEQP8;
				ENABLE_STRICT_OBJC_MSGSEND = YES;
				ENABLE_TESTABILITY = YES;
				ENABLE_USER_SCRIPT_SANDBOXING = YES;
				GCC_C_LANGUAGE_STANDARD = gnu17;
				GCC_DYNAMIC_NO_PIC = NO;
				GCC_NO_COMMON_BLOCKS = YES;
				GCC_OPTIMIZATION_LEVEL = 0;
				GCC_PREPROCESSOR_DEFINITIONS = (
					"DEBUG=1",
					"$(inherited)",
				);
				GCC_WARN_64_TO_32_BIT_CONVERSION = YES;
				GCC_WARN_ABOUT_RETURN_TYPE = YES_ERROR;
				GCC_WARN_UNDECLARED_SELECTOR = YES;
				GCC_WARN_UNINITIALIZED_AUTOS = YES_AGGRESSIVE;
				GCC_WARN_UNUSED_FUNCTION = YES;
				GCC_WARN_UNUSED_VARIABLE = YES;
				LOCALIZATION_PREFERS_STRING_CATALOGS = YES;
				MTL_ENABLE_DEBUG_INFO = INCLUDE_SOURCE;
				MTL_FAST_MATH = YES;
				ONLY_ACTIVE_ARCH = YES;
				SDKROOT = iphoneos;
				SWIFT_ACTIVE_COMPILATION_CONDITIONS = "DEBUG $(inherited)";
				SWIFT_OPTIMIZATION_LEVEL = "-Onone";
			};
			name = Debug;
		};
		EDF329C22FA7FA4C00359606 /* Release */ = {
			isa = XCBuildConfiguration;
			buildSettings = {
				ALWAYS_SEARCH_USER_PATHS = NO;
				ASSETCATALOG_COMPILER_GENERATE_SWIFT_ASSET_SYMBOL_EXTENSIONS = YES;
				CLANG_ANALYZER_NONNULL = YES;
				CLANG_ANALYZER_NUMBER_OBJECT_CONVERSION = YES_AGGRESSIVE;
				CLANG_CXX_LANGUAGE_STANDARD = "gnu++20";
				CLANG_ENABLE_MODULES = YES;
				CLANG_ENABLE_OBJC_ARC = YES;
				CLANG_ENABLE_OBJC_WEAK = YES;
				CLANG_WARN_BLOCK_CAPTURE_AUTORELEASING = YES;
				CLANG_WARN_BOOL_CONVERSION = YES;
				CLANG_WARN_COMMA = YES;
				CLANG_WARN_CONSTANT_CONVERSION = YES;
				CLANG_WARN_DEPRECATED_OBJC_IMPLEMENTATIONS = YES;
				CLANG_WARN_DIRECT_OBJC_ISA_USAGE = YES_ERROR;
				CLANG_WARN_DOCUMENTATION_COMMENTS = YES;
				CLANG_WARN_EMPTY_BODY = YES;
				CLANG_WARN_ENUM_CONVERSION = YES;
				CLANG_WARN_INFINITE_RECURSION = YES;
				CLANG_WARN_INT_CONVERSION = YES;
				CLANG_WARN_NON_LITERAL_NULL_CONVERSION = YES;
				CLANG_WARN_OBJC_IMPLICIT_RETAIN_SELF = YES;
				CLANG_WARN_OBJC_LITERAL_CONVERSION = YES;
				CLANG_WARN_OBJC_ROOT_CLASS = YES_ERROR;
				CLANG_WARN_QUOTED_INCLUDE_IN_FRAMEWORK_HEADER = YES;
				CLANG_WARN_RANGE_LOOP_ANALYSIS = YES;
				CLANG_WARN_STRICT_PROTOTYPES = YES;
				CLANG_WARN_SUSPICIOUS_MOVE = YES;
				CLANG_WARN_UNGUARDED_AVAILABILITY = YES_AGGRESSIVE;
				CLANG_WARN_UNREACHABLE_CODE = YES;
				CLANG_WARN__DUPLICATE_METHOD_MATCH = YES;
				COPY_PHASE_STRIP = NO;
				DEBUG_INFORMATION_FORMAT = "dwarf-with-dsym";
				DEVELOPMENT_TEAM = 8Q8WHNEQP8;
				ENABLE_NS_ASSERTIONS = NO;
				ENABLE_STRICT_OBJC_MSGSEND = YES;
				ENABLE_USER_SCRIPT_SANDBOXING = YES;
				GCC_C_LANGUAGE_STANDARD = gnu17;
				GCC_NO_COMMON_BLOCKS = YES;
				GCC_WARN_64_TO_32_BIT_CONVERSION = YES;
				GCC_WARN_ABOUT_RETURN_TYPE = YES_ERROR;
				GCC_WARN_UNDECLARED_SELECTOR = YES;
				GCC_WARN_UNINITIALIZED_AUTOS = YES_AGGRESSIVE;
				GCC_WARN_UNUSED_FUNCTION = YES;
				GCC_WARN_UNUSED_VARIABLE = YES;
				LOCALIZATION_PREFERS_STRING_CATALOGS = YES;
				MTL_ENABLE_DEBUG_INFO = NO;
				MTL_FAST_MATH = YES;
				SDKROOT = iphoneos;
				SWIFT_COMPILATION_MODE = wholemodule;
				VALIDATE_PRODUCT = YES;
			};
			name = Release;
		};
		EDF329C42FA7FA4C00359606 /* Debug */ = {
			isa = XCBuildConfiguration;
			baseConfigurationReference = EDF33B012FAA000000000001 /* Oura.shared.xcconfig */;
			buildSettings = {
				ASSETCATALOG_COMPILER_APPICON_NAME = AppIcon;
				ASSETCATALOG_COMPILER_GLOBAL_ACCENT_COLOR_NAME = AccentColor;
				CODE_SIGN_ENTITLEMENTS = Pulsar/Pulsar.entitlements;
				CODE_SIGN_STYLE = Automatic;
				CURRENT_PROJECT_VERSION = 3;
				DEVELOPMENT_TEAM = 8Q8WHNEQP8;
				ENABLE_PREVIEWS = YES;
				GENERATE_INFOPLIST_FILE = NO;
				INFOPLIST_FILE = "PulsarApp-Info.plist";
				INFOPLIST_KEY_NSAppleMusicUsageDescription = "Pulsar uses Apple Music access to show the currently playing song and playback status during your workout.";
				INFOPLIST_KEY_NSHealthShareUsageDescription = "Pulsar reads sleep, heart rate, activity, workout, and profile data from Apple Health to calculate Sleep, Recovery, Strain, and live workout intensity.";
				INFOPLIST_KEY_NSHealthUpdateUsageDescription = "Pulsar saves running and gym workouts, routes when available, distance, calories, heart-rate metrics, and workout summaries to Apple Health.";
				INFOPLIST_KEY_NSLocationWhenInUseUsageDescription = "Pulsar uses location during outdoor runs to show your live map, distance, pace, elevation, and route.";
				INFOPLIST_KEY_NSMotionUsageDescription = "Pulsar uses motion data to track your running activity, movement, pace, cadence, and workout performance.";
				INFOPLIST_KEY_NSSupportsLiveActivities = YES;
				INFOPLIST_KEY_UIApplicationSceneManifest_Generation = YES;
				INFOPLIST_KEY_UIApplicationSupportsIndirectInputEvents = YES;
				INFOPLIST_KEY_UILaunchScreen_Generation = YES;
				INFOPLIST_KEY_UISupportedInterfaceOrientations_iPad = "UIInterfaceOrientationPortrait UIInterfaceOrientationPortraitUpsideDown UIInterfaceOrientationLandscapeLeft UIInterfaceOrientationLandscapeRight";
				INFOPLIST_KEY_UISupportedInterfaceOrientations_iPhone = "UIInterfaceOrientationPortrait UIInterfaceOrientationLandscapeLeft UIInterfaceOrientationLandscapeRight";
				IPHONEOS_DEPLOYMENT_TARGET = 26.0;
				LD_RUNPATH_SEARCH_PATHS = (
					"$(inherited)",
					"@executable_path/Frameworks",
				);
				MARKETING_VERSION = 1.0;
				PRODUCT_BUNDLE_IDENTIFIER = aetherial.Pulsar;
				PRODUCT_NAME = "$(TARGET_NAME)";
				STRING_CATALOG_GENERATE_SYMBOLS = YES;
				SWIFT_APPROACHABLE_CONCURRENCY = YES;
				SWIFT_DEFAULT_ACTOR_ISOLATION = MainActor;
				SWIFT_EMIT_LOC_STRINGS = YES;
				SWIFT_UPCOMING_FEATURE_MEMBER_IMPORT_VISIBILITY = YES;
				SWIFT_VERSION = 5.0;
				TARGETED_DEVICE_FAMILY = "1,2";
			};
			name = Debug;
		};
		EDF329C52FA7FA4C00359606 /* Release */ = {
			isa = XCBuildConfiguration;
			baseConfigurationReference = EDF33B012FAA000000000001 /* Oura.shared.xcconfig */;
			buildSettings = {
				ASSETCATALOG_COMPILER_APPICON_NAME = AppIcon;
				ASSETCATALOG_COMPILER_GLOBAL_ACCENT_COLOR_NAME = AccentColor;
				CODE_SIGN_ENTITLEMENTS = Pulsar/Pulsar.entitlements;
				CODE_SIGN_STYLE = Automatic;
				CURRENT_PROJECT_VERSION = 3;
				DEVELOPMENT_TEAM = 8Q8WHNEQP8;
				ENABLE_PREVIEWS = YES;
				GENERATE_INFOPLIST_FILE = NO;
				INFOPLIST_FILE = "PulsarApp-Info.plist";
				INFOPLIST_KEY_NSAppleMusicUsageDescription = "Pulsar uses Apple Music access to show the currently playing song and playback status during your workout.";
				INFOPLIST_KEY_NSHealthShareUsageDescription = "Pulsar reads sleep, heart rate, activity, workout, and profile data from Apple Health to calculate Sleep, Recovery, Strain, and live workout intensity.";
				INFOPLIST_KEY_NSHealthUpdateUsageDescription = "Pulsar saves running and gym workouts, routes when available, distance, calories, heart-rate metrics, and workout summaries to Apple Health.";
				INFOPLIST_KEY_NSLocationWhenInUseUsageDescription = "Pulsar uses location during outdoor runs to show your live map, distance, pace, elevation, and route.";
				INFOPLIST_KEY_NSMotionUsageDescription = "Pulsar uses motion data to track your running activity, movement, pace, cadence, and workout performance.";
				INFOPLIST_KEY_NSSupportsLiveActivities = YES;
				INFOPLIST_KEY_UIApplicationSceneManifest_Generation = YES;
				INFOPLIST_KEY_UIApplicationSupportsIndirectInputEvents = YES;
				INFOPLIST_KEY_UILaunchScreen_Generation = YES;
				INFOPLIST_KEY_UISupportedInterfaceOrientations_iPad = "UIInterfaceOrientationPortrait UIInterfaceOrientationPortraitUpsideDown UIInterfaceOrientationLandscapeLeft UIInterfaceOrientationLandscapeRight";
				INFOPLIST_KEY_UISupportedInterfaceOrientations_iPhone = "UIInterfaceOrientationPortrait UIInterfaceOrientationLandscapeLeft UIInterfaceOrientationLandscapeRight";
				IPHONEOS_DEPLOYMENT_TARGET = 26.0;
				LD_RUNPATH_SEARCH_PATHS = (
					"$(inherited)",
					"@executable_path/Frameworks",
				);
				MARKETING_VERSION = 1.0;
				PRODUCT_BUNDLE_IDENTIFIER = aetherial.Pulsar;
				PRODUCT_NAME = "$(TARGET_NAME)";
				STRING_CATALOG_GENERATE_SYMBOLS = YES;
				SWIFT_APPROACHABLE_CONCURRENCY = YES;
				SWIFT_DEFAULT_ACTOR_ISOLATION = MainActor;
				SWIFT_EMIT_LOC_STRINGS = YES;
				SWIFT_UPCOMING_FEATURE_MEMBER_IMPORT_VISIBILITY = YES;
				SWIFT_VERSION = 5.0;
				TARGETED_DEVICE_FAMILY = "1,2";
			};
			name = Release;
		};
		EDF329D62FA7FABD00359606 /* Debug */ = {
			isa = XCBuildConfiguration;
			buildSettings = {
				ASSETCATALOG_COMPILER_APPICON_NAME = AppIcon;
				ASSETCATALOG_COMPILER_GLOBAL_ACCENT_COLOR_NAME = AccentColor;
				CODE_SIGN_ENTITLEMENTS = "Pulsar Watch App Watch App/Pulsar Watch App Watch App.entitlements";
				CODE_SIGN_STYLE = Automatic;
				CURRENT_PROJECT_VERSION = 3;
				DEVELOPMENT_TEAM = 8Q8WHNEQP8;
				ENABLE_DEBUG_DYLIB = NO;
				ENABLE_PREVIEWS = YES;
				GENERATE_INFOPLIST_FILE = NO;
				INFOPLIST_FILE = "PulsarWatchApp-Info.plist";
				INFOPLIST_KEY_CFBundleDisplayName = "Pulsar Watch App";
				INFOPLIST_KEY_CFBundleName = PulsarWatch;
				INFOPLIST_KEY_NSHealthShareUsageDescription = "Pulsar reads sleep, heart rate, activity, and workout data from Apple Health on Apple Watch to show today’s Sleep, Recovery, Strain, and live workout context.";
				INFOPLIST_KEY_NSHealthUpdateUsageDescription = "Pulsar saves running and gym workouts, routes when available, distance, active calories, and workout metrics to Apple Health from Apple Watch.";
				INFOPLIST_KEY_NSLocationWhenInUseUsageDescription = "Pulsar uses location during outdoor runs to show distance, pace, elevation, and your route.";
				INFOPLIST_KEY_NSMotionUsageDescription = "Pulsar uses motion data on Apple Watch to support workout detection, cadence, and live workout context.";
				INFOPLIST_KEY_UISupportedInterfaceOrientations = "UIInterfaceOrientationPortrait UIInterfaceOrientationPortraitUpsideDown";
				INFOPLIST_KEY_WKApplication = YES;
				INFOPLIST_KEY_WKBackgroundModes = "workout-processing location";
				INFOPLIST_KEY_WKCompanionAppBundleIdentifier = aetherial.Pulsar;
				LD_RUNPATH_SEARCH_PATHS = (
					"$(inherited)",
					"@executable_path/Frameworks",
				);
				MARKETING_VERSION = 1.0;
				PRODUCT_BUNDLE_IDENTIFIER = aetherial.Pulsar.watchkitapp;
				PRODUCT_NAME = "Pulsar Watch App";
				SDKROOT = watchos;
				SKIP_INSTALL = YES;
				STRING_CATALOG_GENERATE_SYMBOLS = YES;
				SWIFT_APPROACHABLE_CONCURRENCY = YES;
				SWIFT_DEFAULT_ACTOR_ISOLATION = MainActor;
				SWIFT_EMIT_LOC_STRINGS = YES;
				SWIFT_UPCOMING_FEATURE_MEMBER_IMPORT_VISIBILITY = YES;
				SWIFT_VERSION = 5.0;
				TARGETED_DEVICE_FAMILY = 4;
				WATCHOS_DEPLOYMENT_TARGET = 10.0;
			};
			name = Debug;
		};
		EDF329D72FA7FABD00359606 /* Release */ = {
			isa = XCBuildConfiguration;
			buildSettings = {
				ASSETCATALOG_COMPILER_APPICON_NAME = AppIcon;
				ASSETCATALOG_COMPILER_GLOBAL_ACCENT_COLOR_NAME = AccentColor;
				CODE_SIGN_ENTITLEMENTS = "Pulsar Watch App Watch App/Pulsar Watch App Watch App.entitlements";
				CODE_SIGN_STYLE = Automatic;
				CURRENT_PROJECT_VERSION = 3;
				DEVELOPMENT_TEAM = 8Q8WHNEQP8;
				ENABLE_DEBUG_DYLIB = NO;
				ENABLE_PREVIEWS = YES;
				GENERATE_INFOPLIST_FILE = NO;
				INFOPLIST_FILE = "PulsarWatchApp-Info.plist";
				INFOPLIST_KEY_CFBundleDisplayName = "Pulsar Watch App";
				INFOPLIST_KEY_CFBundleName = PulsarWatch;
				INFOPLIST_KEY_NSHealthShareUsageDescription = "Pulsar reads sleep, heart rate, activity, and workout data from Apple Health on Apple Watch to show today’s Sleep, Recovery, Strain, and live workout context.";
				INFOPLIST_KEY_NSHealthUpdateUsageDescription = "Pulsar saves running and gym workouts, routes when available, distance, active calories, and workout metrics to Apple Health from Apple Watch.";
				INFOPLIST_KEY_NSLocationWhenInUseUsageDescription = "Pulsar uses location during outdoor runs to show distance, pace, elevation, and your route.";
				INFOPLIST_KEY_NSMotionUsageDescription = "Pulsar uses motion data on Apple Watch to support workout detection, cadence, and live workout context.";
				INFOPLIST_KEY_UISupportedInterfaceOrientations = "UIInterfaceOrientationPortrait UIInterfaceOrientationPortraitUpsideDown";
				INFOPLIST_KEY_WKApplication = YES;
				INFOPLIST_KEY_WKBackgroundModes = "workout-processing location";
				INFOPLIST_KEY_WKCompanionAppBundleIdentifier = aetherial.Pulsar;
				LD_RUNPATH_SEARCH_PATHS = (
					"$(inherited)",
					"@executable_path/Frameworks",
				);
				MARKETING_VERSION = 1.0;
				PRODUCT_BUNDLE_IDENTIFIER = aetherial.Pulsar.watchkitapp;
				PRODUCT_NAME = "Pulsar Watch App";
				SDKROOT = watchos;
				SKIP_INSTALL = YES;
				STRING_CATALOG_GENERATE_SYMBOLS = YES;
				SWIFT_APPROACHABLE_CONCURRENCY = YES;
				SWIFT_DEFAULT_ACTOR_ISOLATION = MainActor;
				SWIFT_EMIT_LOC_STRINGS = YES;
				SWIFT_UPCOMING_FEATURE_MEMBER_IMPORT_VISIBILITY = YES;
				SWIFT_VERSION = 5.0;
				TARGETED_DEVICE_FAMILY = 4;
				WATCHOS_DEPLOYMENT_TARGET = 10.0;
			};
			name = Release;
		};
		EDF329E82FA8000000000008 /* Debug */ = {
			isa = XCBuildConfiguration;
			buildSettings = {
				ALWAYS_EMBED_SWIFT_STANDARD_LIBRARIES = YES;
				BUNDLE_LOADER = "$(TEST_HOST)";
				CODE_SIGN_STYLE = Automatic;
				CURRENT_PROJECT_VERSION = 3;
				DEVELOPMENT_TEAM = 8Q8WHNEQP8;
				GENERATE_INFOPLIST_FILE = YES;
				IPHONEOS_DEPLOYMENT_TARGET = 26.0;
				LD_RUNPATH_SEARCH_PATHS = (
					"$(inherited)",
					"@executable_path/Frameworks",
					"@loader_path/Frameworks",
				);
				MARKETING_VERSION = 1.0;
				PRODUCT_BUNDLE_IDENTIFIER = aetherial.PulsarTests;
				PRODUCT_NAME = "$(TARGET_NAME)";
				SDKROOT = iphoneos;
				SWIFT_APPROACHABLE_CONCURRENCY = YES;
				SWIFT_DEFAULT_ACTOR_ISOLATION = MainActor;
				SWIFT_EMIT_LOC_STRINGS = NO;
				SWIFT_UPCOMING_FEATURE_MEMBER_IMPORT_VISIBILITY = YES;
				SWIFT_VERSION = 5.0;
				TARGETED_DEVICE_FAMILY = "1,2";
				TEST_HOST = "$(BUILT_PRODUCTS_DIR)/Pulsar.app/$(BUNDLE_EXECUTABLE_FOLDER_PATH)/Pulsar";
			};
			name = Debug;
		};
		EDF329E92FA8000000000009 /* Release */ = {
			isa = XCBuildConfiguration;
			buildSettings = {
				ALWAYS_EMBED_SWIFT_STANDARD_LIBRARIES = YES;
				BUNDLE_LOADER = "$(TEST_HOST)";
				CODE_SIGN_STYLE = Automatic;
				CURRENT_PROJECT_VERSION = 3;
				DEVELOPMENT_TEAM = 8Q8WHNEQP8;
				GENERATE_INFOPLIST_FILE = YES;
				IPHONEOS_DEPLOYMENT_TARGET = 26.0;
				LD_RUNPATH_SEARCH_PATHS = (
					"$(inherited)",
					"@executable_path/Frameworks",
					"@loader_path/Frameworks",
				);
				MARKETING_VERSION = 1.0;
				PRODUCT_BUNDLE_IDENTIFIER = aetherial.PulsarTests;
				PRODUCT_NAME = "$(TARGET_NAME)";
				SDKROOT = iphoneos;
				SWIFT_APPROACHABLE_CONCURRENCY = YES;
				SWIFT_DEFAULT_ACTOR_ISOLATION = MainActor;
				SWIFT_EMIT_LOC_STRINGS = NO;
				SWIFT_UPCOMING_FEATURE_MEMBER_IMPORT_VISIBILITY = YES;
				SWIFT_VERSION = 5.0;
				TARGETED_DEVICE_FAMILY = "1,2";
				TEST_HOST = "$(BUILT_PRODUCTS_DIR)/Pulsar.app/$(BUNDLE_EXECUTABLE_FOLDER_PATH)/Pulsar";
			};
			name = Release;
		};
		EDF33A1B2FA900000000000C /* Debug */ = {
			isa = XCBuildConfiguration;
			buildSettings = {
				APPLICATION_EXTENSION_API_ONLY = YES;
				CODE_SIGN_ENTITLEMENTS = PulsarWidgetsExtension/PulsarWidgetsExtension.entitlements;
				CODE_SIGN_STYLE = Automatic;
				CURRENT_PROJECT_VERSION = 3;
				DEVELOPMENT_TEAM = 8Q8WHNEQP8;
				ENABLE_PREVIEWS = YES;
				GENERATE_INFOPLIST_FILE = NO;
				INFOPLIST_FILE = "PulsarWidgetsExtension-Info.plist";
				IPHONEOS_DEPLOYMENT_TARGET = 26.0;
				LD_RUNPATH_SEARCH_PATHS = (
					"$(inherited)",
					"@executable_path/Frameworks",
					"@executable_path/../../Frameworks",
				);
				MARKETING_VERSION = 1.0;
				PRODUCT_BUNDLE_IDENTIFIER = aetherial.Pulsar.widgets;
				PRODUCT_NAME = "$(TARGET_NAME)";
				SDKROOT = iphoneos;
				SKIP_INSTALL = YES;
				STRING_CATALOG_GENERATE_SYMBOLS = YES;
				SWIFT_APPROACHABLE_CONCURRENCY = YES;
				SWIFT_DEFAULT_ACTOR_ISOLATION = MainActor;
				SWIFT_EMIT_LOC_STRINGS = YES;
				SWIFT_UPCOMING_FEATURE_MEMBER_IMPORT_VISIBILITY = YES;
				SWIFT_VERSION = 5.0;
				TARGETED_DEVICE_FAMILY = 1;
			};
			name = Debug;
		};
		EDF33A1C2FA900000000000D /* Release */ = {
			isa = XCBuildConfiguration;
			buildSettings = {
				APPLICATION_EXTENSION_API_ONLY = YES;
				CODE_SIGN_ENTITLEMENTS = PulsarWidgetsExtension/PulsarWidgetsExtension.entitlements;
				CODE_SIGN_STYLE = Automatic;
				CURRENT_PROJECT_VERSION = 3;
				DEVELOPMENT_TEAM = 8Q8WHNEQP8;
				ENABLE_PREVIEWS = YES;
				GENERATE_INFOPLIST_FILE = NO;
				INFOPLIST_FILE = "PulsarWidgetsExtension-Info.plist";
				IPHONEOS_DEPLOYMENT_TARGET = 26.0;
				LD_RUNPATH_SEARCH_PATHS = (
					"$(inherited)",
					"@executable_path/Frameworks",
					"@executable_path/../../Frameworks",
				);
				MARKETING_VERSION = 1.0;
				PRODUCT_BUNDLE_IDENTIFIER = aetherial.Pulsar.widgets;
				PRODUCT_NAME = "$(TARGET_NAME)";
				SDKROOT = iphoneos;
				SKIP_INSTALL = YES;
				STRING_CATALOG_GENERATE_SYMBOLS = YES;
				SWIFT_APPROACHABLE_CONCURRENCY = YES;
				SWIFT_DEFAULT_ACTOR_ISOLATION = MainActor;
				SWIFT_EMIT_LOC_STRINGS = YES;
				SWIFT_UPCOMING_FEATURE_MEMBER_IMPORT_VISIBILITY = YES;
				SWIFT_VERSION = 5.0;
				TARGETED_DEVICE_FAMILY = 1;
			};
			name = Release;
		};
/* End XCBuildConfiguration section */

/* Begin XCConfigurationList section */
		EDF329B32FA7FA4B00359606 /* Build configuration list for PBXProject "Pulsar" */ = {
			isa = XCConfigurationList;
			buildConfigurations = (
				EDF329C12FA7FA4C00359606 /* Debug */,
				EDF329C22FA7FA4C00359606 /* Release */,
			);
			defaultConfigurationIsVisible = 0;
			defaultConfigurationName = Release;
		};
		EDF329C32FA7FA4C00359606 /* Build configuration list for PBXNativeTarget "Pulsar" */ = {
			isa = XCConfigurationList;
			buildConfigurations = (
				EDF329C42FA7FA4C00359606 /* Debug */,
				EDF329C52FA7FA4C00359606 /* Release */,
			);
			defaultConfigurationIsVisible = 0;
			defaultConfigurationName = Release;
		};
		EDF329D52FA7FABD00359606 /* Build configuration list for PBXNativeTarget "Pulsar Watch App Watch App" */ = {
			isa = XCConfigurationList;
			buildConfigurations = (
				EDF329D62FA7FABD00359606 /* Debug */,
				EDF329D72FA7FABD00359606 /* Release */,
			);
			defaultConfigurationIsVisible = 0;
			defaultConfigurationName = Release;
		};
		EDF329E72FA8000000000007 /* Build configuration list for PBXNativeTarget "PulsarTests" */ = {
			isa = XCConfigurationList;
			buildConfigurations = (
				EDF329E82FA8000000000008 /* Debug */,
				EDF329E92FA8000000000009 /* Release */,
			);
			defaultConfigurationIsVisible = 0;
			defaultConfigurationName = Release;
		};
		EDF33A1D2FA900000000000E /* Build configuration list for PBXNativeTarget "PulsarWidgetsExtension" */ = {
			isa = XCConfigurationList;
			buildConfigurations = (
				EDF33A1B2FA900000000000C /* Debug */,
				EDF33A1C2FA900000000000D /* Release */,
			);
			defaultConfigurationIsVisible = 0;
			defaultConfigurationName = Release;
		};
/* End XCConfigurationList section */
	};
	rootObject = EDF329B02FA7FA4B00359606 /* Project object */;
}
